
Microsoft Visual Studio Solution File, Format Version 12.00
# Visual Studio Version 16
VisualStudioVersion = 16.0.28922.388
MinimumVisualStudioVersion = 10.0.40219.1
Project("{8BC9CEB8-8B4A-11D0-8D11-00A0C91BC942}") = "18120058_18120082_18120092_18120097_18120106", "18120058_18120082_18120092_18120097_18120106\18120058_18120082_18120092_18120097_18120106.vcxproj", "{76DFC07B-0BBC-4F97-AF64-8FAB5D2FFA91}"
EndProject
Global
	GlobalSection(SolutionConfigurationPlatforms) = preSolution
		Debug|Win32 = Debug|Win32
		Release|Win32 = Release|Win32
	EndGlobalSection
	GlobalSection(ProjectConfigurationPlatforms) = postSolution
		{76DFC07B-0BBC-4F97-AF64-8FAB5D2FFA91}.Debug|Win32.ActiveCfg = Debug|Win32
		{76DFC07B-0BBC-4F97-AF64-8FAB5D2FFA91}.Debug|Win32.Build.0 = Debug|Win32
		{76DFC07B-0BBC-4F97-AF64-8FAB5D2FFA91}.Release|Win32.ActiveCfg = Release|Win32
		{76DFC07B-0BBC-4F97-AF64-8FAB5D2FFA91}.Release|Win32.Build.0 = Release|Win32
	EndGlobalSection
	GlobalSection(SolutionProperties) = preSolution
		HideSolutionNode = FALSE
	EndGlobalSection
	GlobalSection(ExtensibilityGlobals) = postSolution
		SolutionGuid = {177FABE5-F521-433A-9808-DC6CB2736450}
	EndGlobalSection
EndGlobal
